// !$*UTF8*$!
{
	archiveVersion = 1;
	classes = {
	};
	objectVersion = 46;
	objects = {

/* Begin PBXBuildFile section */
		A35D48A81CDED882004CDC0C /* main.cpp in Sources */ = {isa = PBXBuildFile; fileRef = A35D48A71CDED882004CDC0C /* main.cpp */; };
		A35D48AF1CDED8A1004CDC0C /* GLUT.framework in Frameworks */ = {isa = PBXBuildFile; fileRef = A35D48AE1CDED8A1004CDC0C /* GLUT.framework */; };
		A35D48B11CDED8A8004CDC0C /* OpenGL.framework in Frameworks */ = {isa = PBXBuildFile; fileRef = A35D48B01CDED8A8004CDC0C /* OpenGL.framework */; };
		A35D48B41CDED8BB004CDC0C /* CG.cpp in Sources */ = {isa = PBXBuildFile; fileRef = A35D48B21CDED8BB004CDC0C /* CG.cpp */; };
		A35D48B71CDED932004CDC0C /* CGScene.cpp in Sources */ = {isa = PBXBuildFile; fileRef = A35D48B51CDED932004CDC0C /* CGScene.cpp */; };
		A35D48BA1CDED9AB004CDC0C /* CGNode.cpp in Sources */ = {isa = PBXBuildFile; fileRef = A35D48B81CDED9AB004CDC0C /* CGNode.cpp */; };
		A35D48BD1CDEEA06004CDC0C /* CGGeometry.cpp in Sources */ = {isa = PBXBuildFile; fileRef = A35D48BB1CDEEA06004CDC0C /* CGGeometry.cpp */; };
		A35D48C01CDEEA94004CDC0C /* CGBox.cpp in Sources */ = {isa = PBXBuildFile; fileRef = A35D48BE1CDEEA94004CDC0C /* CGBox.cpp */; };
		A35D48C31CDEFDB7004CDC0C /* CGCamera.cpp in Sources */ = {isa = PBXBuildFile; fileRef = A35D48C11CDEFDB7004CDC0C /* CGCamera.cpp */; };
		A37AF4561CDF0B9C004B0779 /* CGLight.cpp in Sources */ = {isa = PBXBuildFile; fileRef = A37AF4541CDF0B9C004B0779 /* CGLight.cpp */; };
/* End PBXBuildFile section */

/* Begin PBXCopyFilesBuildPhase section */
		A35D48A21CDED882004CDC0C /* CopyFiles */ = {
			isa = PBXCopyFilesBuildPhase;
			buildActionMask = 2147483647;
			dstPath = /usr/share/man/man1/;
			dstSubfolderSpec = 0;
			files = (
			);
			runOnlyForDeploymentPostprocessing = 1;
		};
/* End PBXCopyFilesBuildPhase section */

/* Begin PBXFileReference section */
		A35D48A41CDED882004CDC0C /* GLUT3DApp */ = {isa = PBXFileReference; explicitFileType = "compiled.mach-o.executable"; includeInIndex = 0; path = GLUT3DApp; sourceTree = BUILT_PRODUCTS_DIR; };
		A35D48A71CDED882004CDC0C /* main.cpp */ = {isa = PBXFileReference; lastKnownFileType = sourcecode.cpp.cpp; path = main.cpp; sourceTree = "<group>"; };
		A35D48AE1CDED8A1004CDC0C /* GLUT.framework */ = {isa = PBXFileReference; lastKnownFileType = wrapper.framework; name = GLUT.framework; path = System/Library/Frameworks/GLUT.framework; sourceTree = SDKROOT; };
		A35D48B01CDED8A8004CDC0C /* OpenGL.framework */ = {isa = PBXFileReference; lastKnownFileType = wrapper.framework; name = OpenGL.framework; path = System/Library/Frameworks/OpenGL.framework; sourceTree = SDKROOT; };
		A35D48B21CDED8BB004CDC0C /* CG.cpp */ = {isa = PBXFileReference; fileEncoding = 4; lastKnownFileType = sourcecode.cpp.cpp; path = CG.cpp; sourceTree = "<group>"; };
		A35D48B31CDED8BB004CDC0C /* CG.hpp */ = {isa = PBXFileReference; fileEncoding = 4; lastKnownFileType = sourcecode.cpp.h; path = CG.hpp; sourceTree = "<group>"; };
		A35D48B51CDED932004CDC0C /* CGScene.cpp */ = {isa = PBXFileReference; fileEncoding = 4; lastKnownFileType = sourcecode.cpp.cpp; path = CGScene.cpp; sourceTree = "<group>"; };
		A35D48B61CDED932004CDC0C /* CGScene.hpp */ = {isa = PBXFileReference; fileEncoding = 4; lastKnownFileType = sourcecode.cpp.h; path = CGScene.hpp; sourceTree = "<group>"; };
		A35D48B81CDED9AB004CDC0C /* CGNode.cpp */ = {isa = PBXFileReference; fileEncoding = 4; lastKnownFileType = sourcecode.cpp.cpp; path = CGNode.cpp; sourceTree = "<group>"; };
		A35D48B91CDED9AB004CDC0C /* CGNode.hpp */ = {isa = PBXFileReference; fileEncoding = 4; lastKnownFileType = sourcecode.cpp.h; path = CGNode.hpp; sourceTree = "<group>"; };
		A35D48BB1CDEEA06004CDC0C /* CGGeometry.cpp */ = {isa = PBXFileReference; fileEncoding = 4; lastKnownFileType = sourcecode.cpp.cpp; path = CGGeometry.cpp; sourceTree = "<group>"; };
		A35D48BC1CDEEA06004CDC0C /* CGGeometry.hpp */ = {isa = PBXFileReference; fileEncoding = 4; lastKnownFileType = sourcecode.cpp.h; path = CGGeometry.hpp; sourceTree = "<group>"; };
		A35D48BE1CDEEA94004CDC0C /* CGBox.cpp */ = {isa = PBXFileReference; fileEncoding = 4; lastKnownFileType = sourcecode.cpp.cpp; path = CGBox.cpp; sourceTree = "<group>"; };
		A35D48BF1CDEEA94004CDC0C /* CGBox.hpp */ = {isa = PBXFileReference; fileEncoding = 4; lastKnownFileType = sourcecode.cpp.h; path = CGBox.hpp; sourceTree = "<group>"; };
		A35D48C11CDEFDB7004CDC0C /* CGCamera.cpp */ = {isa = PBXFileReference; fileEncoding = 4; lastKnownFileType = sourcecode.cpp.cpp; path = CGCamera.cpp; sourceTree = "<group>"; };
		A35D48C21CDEFDB7004CDC0C /* CGCamera.hpp */ = {isa = PBXFileReference; fileEncoding = 4; lastKnownFileType = sourcecode.cpp.h; path = CGCamera.hpp; sourceTree = "<group>"; };
		A37AF4541CDF0B9C004B0779 /* CGLight.cpp */ = {isa = PBXFileReference; fileEncoding = 4; lastKnownFileType = sourcecode.cpp.cpp; path = CGLight.cpp; sourceTree = "<group>"; };
		A37AF4551CDF0B9C004B0779 /* CGLight.hpp */ = {isa = PBXFileReference; fileEncoding = 4; lastKnownFileType = sourcecode.cpp.h; path = CGLight.hpp; sourceTree = "<group>"; };
/* End PBXFileReference section */

/* Begin PBXFrameworksBuildPhase section */
		A35D48A11CDED882004CDC0C /* Frameworks */ = {
			isa = PBXFrameworksBuildPhase;
			buildActionMask = 2147483647;
			files = (
				A35D48B11CDED8A8004CDC0C /* OpenGL.framework in Frameworks */,
				A35D48AF1CDED8A1004CDC0C /* GLUT.framework in Frameworks */,
			);
			runOnlyForDeploymentPostprocessing = 0;
		};
/* End PBXFrameworksBuildPhase section */

/* Begin PBXGroup section */
		A35D489B1CDED882004CDC0C = {
			isa = PBXGroup;
			children = (
				A35D48B01CDED8A8004CDC0C /* OpenGL.framework */,
				A35D48AE1CDED8A1004CDC0C /* GLUT.framework */,
				A35D48A61CDED882004CDC0C /* GLUT3DApp */,
				A35D48A51CDED882004CDC0C /* Products */,
			);
			sourceTree = "<group>";
		};
		A35D48A51CDED882004CDC0C /* Products */ = {
			isa = PBXGroup;
			children = (
				A35D48A41CDED882004CDC0C /* GLUT3DApp */,
			);
			name = Products;
			sourceTree = "<group>";
		};
		A35D48A61CDED882004CDC0C /* GLUT3DApp */ = {
			isa = PBXGroup;
			children = (
				A35D48B31CDED8BB004CDC0C /* CG.hpp */,
				A35D48B21CDED8BB004CDC0C /* CG.cpp */,
				A35D48A71CDED882004CDC0C /* main.cpp */,
				A35D48B61CDED932004CDC0C /* CGScene.hpp */,
				A35D48B51CDED932004CDC0C /* CGScene.cpp */,
				A35D48B81CDED9AB004CDC0C /* CGNode.cpp */,
				A35D48B91CDED9AB004CDC0C /* CGNode.hpp */,
				A35D48BC1CDEEA06004CDC0C /* CGGeometry.hpp */,
				A35D48BB1CDEEA06004CDC0C /* CGGeometry.cpp */,
				A35D48BF1CDEEA94004CDC0C /* CGBox.hpp */,
				A35D48BE1CDEEA94004CDC0C /* CGBox.cpp */,
				A35D48C21CDEFDB7004CDC0C /* CGCamera.hpp */,
				A35D48C11CDEFDB7004CDC0C /* CGCamera.cpp */,
				A37AF4551CDF0B9C004B0779 /* CGLight.hpp */,
				A37AF4541CDF0B9C004B0779 /* CGLight.cpp */,
			);
			path = GLUT3DApp;
			sourceTree = "<group>";
		};
/* End PBXGroup section */

/* Begin PBXNativeTarget section */
		A35D48A31CDED882004CDC0C /* GLUT3DApp */ = {
			isa = PBXNativeTarget;
			buildConfigurationList = A35D48AB1CDED882004CDC0C /* Build configuration list for PBXNativeTarget "GLUT3DApp" */;
			buildPhases = (
				A35D48A01CDED882004CDC0C /* Sources */,
				A35D48A11CDED882004CDC0C /* Frameworks */,
				A35D48A21CDED882004CDC0C /* CopyFiles */,
			);
			buildRules = (
			);
			dependencies = (
			);
			name = GLUT3DApp;
			productName = GLUT3DApp;
			productReference = A35D48A41CDED882004CDC0C /* GLUT3DApp */;
			productType = "com.apple.product-type.tool";
		};
/* End PBXNativeTarget section */

/* Begin PBXProject section */
		A35D489C1CDED882004CDC0C /* Project object */ = {
			isa = PBXProject;
			attributes = {
				LastUpgradeCheck = 0730;
				ORGANIZATIONNAME = "Benjamin Johnson";
				TargetAttributes = {
					A35D48A31CDED882004CDC0C = {
						CreatedOnToolsVersion = 7.3;
					};
				};
			};
			buildConfigurationList = A35D489F1CDED882004CDC0C /* Build configuration list for PBXProject "GLUT3DApp" */;
			compatibilityVersion = "Xcode 3.2";
			developmentRegion = English;
			hasScannedForEncodings = 0;
			knownRegions = (
				en,
			);
			mainGroup = A35D489B1CDED882004CDC0C;
			productRefGroup = A35D48A51CDED882004CDC0C /* Products */;
			projectDirPath = "";
			projectRoot = "";
			targets = (
				A35D48A31CDED882004CDC0C /* GLUT3DApp */,
			);
		};
/* End PBXProject section */

/* Begin PBXSourcesBuildPhase section */
		A35D48A01CDED882004CDC0C /* Sources */ = {
			isa = PBXSourcesBuildPhase;
			buildActionMask = 2147483647;
			files = (
				A35D48A81CDED882004CDC0C /* main.cpp in Sources */,
				A35D48B41CDED8BB004CDC0C /* CG.cpp in Sources */,
				A35D48B71CDED932004CDC0C /* CGScene.cpp in Sources */,
				A35D48BD1CDEEA06004CDC0C /* CGGeometry.cpp in Sources */,
				A35D48BA1CDED9AB004CDC0C /* CGNode.cpp in Sources */,
				A35D48C01CDEEA94004CDC0C /* CGBox.cpp in Sources */,
				A37AF4561CDF0B9C004B0779 /* CGLight.cpp in Sources */,
				A35D48C31CDEFDB7004CDC0C /* CGCamera.cpp in Sources */,
			);
			runOnlyForDeploymentPostprocessing = 0;
		};
/* End PBXSourcesBuildPhase section */

/* Begin XCBuildConfiguration section */
		A35D48A91CDED882004CDC0C /* Debug */ = {
			isa = XCBuildConfiguration;
			buildSettings = {
				ALWAYS_SEARCH_USER_PATHS = NO;
				CLANG_ANALYZER_NONNULL = YES;
				CLANG_CXX_LANGUAGE_STANDARD = "gnu++0x";
				CLANG_CXX_LIBRARY = "libc++";
				CLANG_ENABLE_MODULES = YES;
				CLANG_ENABLE_OBJC_ARC = YES;
				CLANG_WARN_BOOL_CONVERSION = YES;
				CLANG_WARN_CONSTANT_CONVERSION = YES;
				CLANG_WARN_DIRECT_OBJC_ISA_USAGE = YES_ERROR;
				CLANG_WARN_EMPTY_BODY = YES;
				CLANG_WARN_ENUM_CONVERSION = YES;
				CLANG_WARN_INT_CONVERSION = YES;
				CLANG_WARN_OBJC_ROOT_CLASS = YES_ERROR;
				CLANG_WARN_UNREACHABLE_CODE = YES;
				CLANG_WARN__DUPLICATE_METHOD_MATCH = YES;
				CODE_SIGN_IDENTITY = "-";
				COPY_PHASE_STRIP = NO;
				DEBUG_INFORMATION_FORMAT = dwarf;
				ENABLE_STRICT_OBJC_MSGSEND = YES;
				ENABLE_TESTABILITY = YES;
				GCC_C_LANGUAGE_STANDARD = gnu99;
				GCC_DYNAMIC_NO_PIC = NO;
				GCC_NO_COMMON_BLOCKS = YES;
				GCC_OPTIMIZATION_LEVEL = 0;
				GCC_PREPROCESSOR_DEFINITIONS = (
					"DEBUG=1",
					"$(inherited)",
				);
				GCC_WARN_64_TO_32_BIT_CONVERSION = YES;
				GCC_WARN_ABOUT_RETURN_TYPE = YES_ERROR;
				GCC_WARN_UNDECLARED_SELECTOR = YES;
				GCC_WARN_UNINITIALIZED_AUTOS = YES_AGGRESSIVE;
				GCC_WARN_UNUSED_FUNCTION = YES;
				GCC_WARN_UNUSED_VARIABLE = YES;
				MACOSX_DEPLOYMENT_TARGET = 10.11;
				MTL_ENABLE_DEBUG_INFO = YES;
				ONLY_ACTIVE_ARCH = YES;
				SDKROOT = macosx;
			};
			name = Debug;
		};
		A35D48AA1CDED882004CDC0C /* Release */ = {
			isa = XCBuildConfiguration;
			buildSettings = {
				ALWAYS_SEARCH_USER_PATHS = NO;
				CLANG_ANALYZER_NONNULL = YES;
				CLANG_CXX_LANGUAGE_STANDARD = "gnu++0x";
				CLANG_CXX_LIBRARY = "libc++";
				CLANG_ENABLE_MODULES = YES;
				CLANG_ENABLE_OBJC_ARC = YES;
				CLANG_WARN_BOOL_CONVERSION = YES;
				CLANG_WARN_CONSTANT_CONVERSION = YES;
				CLANG_WARN_DIRECT_OBJC_ISA_USAGE = YES_ERROR;
				CLANG_WARN_EMPTY_BODY = YES;
				CLANG_WARN_ENUM_CONVERSION = YES;
				CLANG_WARN_INT_CONVERSION = YES;
				CLANG_WARN_OBJC_ROOT_CLASS = YES_ERROR;
				CLANG_WARN_UNREACHABLE_CODE = YES;
				CLANG_WARN__DUPLICATE_METHOD_MATCH = YES;
				CODE_SIGN_IDENTITY = "-";
				COPY_PHASE_STRIP = NO;
				DEBUG_INFORMATION_FORMAT = "dwarf-with-dsym";
				ENABLE_NS_ASSERTIONS = NO;
				ENABLE_STRICT_OBJC_MSGSEND = YES;
				GCC_C_LANGUAGE_STANDARD = gnu99;
				GCC_NO_COMMON_BLOCKS = YES;
				GCC_WARN_64_TO_32_BIT_CONVERSION = YES;
				GCC_WARN_ABOUT_RETURN_TYPE = YES_ERROR;
				GCC_WARN_UNDECLARED_SELECTOR = YES;
				GCC_WARN_UNINITIALIZED_AUTOS = YES_AGGRESSIVE;
				GCC_WARN_UNUSED_FUNCTION = YES;
				GCC_WARN_UNUSED_VARIABLE = YES;
				MACOSX_DEPLOYMENT_TARGET = 10.11;
				MTL_ENABLE_DEBUG_INFO = NO;
				SDKROOT = macosx;
			};
			name = Release;
		};
		A35D48AC1CDED882004CDC0C /* Debug */ = {
			isa = XCBuildConfiguration;
			buildSettings = {
				MACOSX_DEPLOYMENT_TARGET = 10.8;
				PRODUCT_NAME = "$(TARGET_NAME)";
			};
			name = Debug;
		};
		A35D48AD1CDED882004CDC0C /* Release */ = {
			isa = XCBuildConfiguration;
			buildSettings = {
				MACOSX_DEPLOYMENT_TARGET = 10.8;
				PRODUCT_NAME = "$(TARGET_NAME)";
			};
			name = Release;
		};
/* End XCBuildConfiguration section */

/* Begin XCConfigurationList section */
		A35D489F1CDED882004CDC0C /* Build configuration list for PBXProject "GLUT3DApp" */ = {
			isa = XCConfigurationList;
			buildConfigurations = (
				A35D48A91CDED882004CDC0C /* Debug */,
				A35D48AA1CDED882004CDC0C /* Release */,
			);
			defaultConfigurationIsVisible = 0;
			defaultConfigurationName = Release;
		};
		A35D48AB1CDED882004CDC0C /* Build configuration list for PBXNativeTarget "GLUT3DApp" */ = {
			isa = XCConfigurationList;
			buildConfigurations = (
				A35D48AC1CDED882004CDC0C /* Debug */,
				A35D48AD1CDED882004CDC0C /* Release */,
			);
			defaultConfigurationIsVisible = 0;
			defaultConfigurationName = Release;
		};
/* End XCConfigurationList section */
	};
	rootObject = A35D489C1CDED882004CDC0C /* Project object */;
}
